// !$*UTF8*$!
{
	archiveVersion = 1;
	classes = {
	};
	objectVersion = 50;
	objects = {

/* Begin PBXBuildFile section */
		24384AEC2119A4B9006688A1 /* AppDelegate.m in Sources */ = {isa = PBXBuildFile; fileRef = 24384AEB2119A4B9006688A1 /* AppDelegate.m */; };
		24384AEF2119A4B9006688A1 /* ViewController.m in Sources */ = {isa = PBXBuildFile; fileRef = 24384AEE2119A4B9006688A1 /* ViewController.m */; };
		24384AF22119A4B9006688A1 /* Main.storyboard in Resources */ = {isa = PBXBuildFile; fileRef = 24384AF02119A4B9006688A1 /* Main.storyboard */; };
		24384AF42119A4BC006688A1 /* Assets.xcassets in Resources */ = {isa = PBXBuildFile; fileRef = 24384AF32119A4BC006688A1 /* Assets.xcassets */; };
		24384AF72119A4BC006688A1 /* LaunchScreen.storyboard in Resources */ = {isa = PBXBuildFile; fileRef = 24384AF52119A4BC006688A1 /* LaunchScreen.storyboard */; };
		24384AFA2119A4BC006688A1 /* main.m in Sources */ = {isa = PBXBuildFile; fileRef = 24384AF92119A4BC006688A1 /* main.m */; };
		25DB6862BA27D9006B7664F5 /* libPods-demo.a in Frameworks */ = {isa = PBXBuildFile; fileRef = 2D7E672934CCFF3C5704B73D /* libPods-demo.a */; };
/* End PBXBuildFile section */

/* Begin PBXFileReference section */
		24384AE72119A4B9006688A1 /* demo.app */ = {isa = PBXFileReference; explicitFileType = wrapper.application; includeInIndex = 0; path = demo.app; sourceTree = BUILT_PRODUCTS_DIR; };
		24384AEA2119A4B9006688A1 /* AppDelegate.h */ = {isa = PBXFileReference; lastKnownFileType = sourcecode.c.h; path = AppDelegate.h; sourceTree = "<group>"; };
		24384AEB2119A4B9006688A1 /* AppDelegate.m */ = {isa = PBXFileReference; lastKnownFileType = sourcecode.c.objc; path = AppDelegate.m; sourceTree = "<group>"; };
		24384AED2119A4B9006688A1 /* ViewController.h */ = {isa = PBXFileReference; lastKnownFileType = sourcecode.c.h; path = ViewController.h; sourceTree = "<group>"; };
		24384AEE2119A4B9006688A1 /* ViewController.m */ = {isa = PBXFileReference; lastKnownFileType = sourcecode.c.objc; path = ViewController.m; sourceTree = "<group>"; };
		24384AF12119A4B9006688A1 /* Base */ = {isa = PBXFileReference; lastKnownFileType = file.storyboard; name = Base; path = Base.lproj/Main.storyboard; sourceTree = "<group>"; };
		24384AF32119A4BC006688A1 /* Assets.xcassets */ = {isa = PBXFileReference; lastKnownFileType = folder.assetcatalog; path = Assets.xcassets; sourceTree = "<group>"; };
		24384AF62119A4BC006688A1 /* Base */ = {isa = PBXFileReference; lastKnownFileType = file.storyboard; name = Base; path = Base.lproj/LaunchScreen.storyboard; sourceTree = "<group>"; };
		24384AF82119A4BC006688A1 /* Info.plist */ = {isa = PBXFileReference; lastKnownFileType = text.plist.xml; path = Info.plist; sourceTree = "<group>"; };
		24384AF92119A4BC006688A1 /* main.m */ = {isa = PBXFileReference; lastKnownFileType = sourcecode.c.objc; path = main.m; sourceTree = "<group>"; };
		2D7E672934CCFF3C5704B73D /* libPods-demo.a */ = {isa = PBXFileReference; explicitFileType = archive.ar; includeInIndex = 0; path = "libPods-demo.a"; sourceTree = BUILT_PRODUCTS_DIR; };
		6F79BD42A74B3712AA449D20 /* Pods-demo.release.xcconfig */ = {isa = PBXFileReference; includeInIndex = 1; lastKnownFileType = text.xcconfig; name = "Pods-demo.release.xcconfig"; path = "Pods/Target Support Files/Pods-demo/Pods-demo.release.xcconfig"; sourceTree = "<group>"; };
		E01F2FC81C7E32AD99B735F5 /* Pods-demo.debug.xcconfig */ = {isa = PBXFileReference; includeInIndex = 1; lastKnownFileType = text.xcconfig; name = "Pods-demo.debug.xcconfig"; path = "Pods/Target Support Files/Pods-demo/Pods-demo.debug.xcconfig"; sourceTree = "<group>"; };
/* End PBXFileReference section */

/* Begin PBXFrameworksBuildPhase section */
		24384AE42119A4B9006688A1 /* Frameworks */ = {
			isa = PBXFrameworksBuildPhase;
			buildActionMask = 2147483647;
			files = (
				25DB6862BA27D9006B7664F5 /* libPods-demo.a in Frameworks */,
			);
			runOnlyForDeploymentPostprocessing = 0;
		};
/* End PBXFrameworksBuildPhase section */

/* Begin PBXGroup section */
		24384ADE2119A4B9006688A1 = {
			isa = PBXGroup;
			children = (
				24384AE92119A4B9006688A1 /* demo */,
				24384AE82119A4B9006688A1 /* Products */,
				9E989622AEE96CB420521F62 /* Pods */,
				DF6279C9DE9087E89A17798A /* Frameworks */,
			);
			sourceTree = "<group>";
		};
		24384AE82119A4B9006688A1 /* Products */ = {
			isa = PBXGroup;
			children = (
				24384AE72119A4B9006688A1 /* demo.app */,
			);
			name = Products;
			sourceTree = "<group>";
		};
		24384AE92119A4B9006688A1 /* demo */ = {
			isa = PBXGroup;
			children = (
				24384AEA2119A4B9006688A1 /* AppDelegate.h */,
				24384AEB2119A4B9006688A1 /* AppDelegate.m */,
				24384AED2119A4B9006688A1 /* ViewController.h */,
				24384AEE2119A4B9006688A1 /* ViewController.m */,
				24384AF02119A4B9006688A1 /* Main.storyboard */,
				24384AF32119A4BC006688A1 /* Assets.xcassets */,
				24384AF52119A4BC006688A1 /* LaunchScreen.storyboard */,
				24384AF82119A4BC006688A1 /* Info.plist */,
				24384AF92119A4BC006688A1 /* main.m */,
			);
			path = demo;
			sourceTree = "<group>";
		};
		9E989622AEE96CB420521F62 /* Pods */ = {
			isa = PBXGroup;
			children = (
				E01F2FC81C7E32AD99B735F5 /* Pods-demo.debug.xcconfig */,
				6F79BD42A74B3712AA449D20 /* Pods-demo.release.xcconfig */,
			);
			name = Pods;
			sourceTree = "<group>";
		};
		DF6279C9DE9087E89A17798A /* Frameworks */ = {
			isa = PBXGroup;
			children = (
				2D7E672934CCFF3C5704B73D /* libPods-demo.a */,
			);
			name = Frameworks;
			sourceTree = "<group>";
		};
/* End PBXGroup section */

/* Begin PBXNativeTarget section */
		24384AE62119A4B9006688A1 /* demo */ = {
			isa = PBXNativeTarget;
			buildConfigurationList = 24384AFD2119A4BC006688A1 /* Build configuration list for PBXNativeTarget "demo" */;
			buildPhases = (
				FF1050F261DEA66BA51C64F8 /* [CP] Check Pods Manifest.lock */,
				24384AE32119A4B9006688A1 /* Sources */,
				24384AE42119A4B9006688A1 /* Frameworks */,
				24384AE52119A4B9006688A1 /* Resources */,
				423E1A58EE179FD5513A142B /* [CP] Copy Pods Resources */,
			);
			buildRules = (
			);
			dependencies = (
			);
			name = demo;
			productName = demo;
			productReference = 24384AE72119A4B9006688A1 /* demo.app */;
			productType = "com.apple.product-type.application";
		};
/* End PBXNativeTarget section */

/* Begin PBXProject section */
		24384ADF2119A4B9006688A1 /* Project object */ = {
			isa = PBXProject;
			attributes = {
				LastUpgradeCheck = 0940;
				ORGANIZATIONNAME = hz;
				TargetAttributes = {
					24384AE62119A4B9006688A1 = {
						CreatedOnToolsVersion = 9.4.1;
					};
				};
			};
			buildConfigurationList = 24384AE22119A4B9006688A1 /* Build configuration list for PBXProject "demo" */;
			compatibilityVersion = "Xcode 9.3";
			developmentRegion = en;
			hasScannedForEncodings = 0;
			knownRegions = (
				en,
				Base,
			);
			mainGroup = 24384ADE2119A4B9006688A1;
			productRefGroup = 24384AE82119A4B9006688A1 /* Products */;
			projectDirPath = "";
			projectRoot = "";
			targets = (
				24384AE62119A4B9006688A1 /* demo */,
			);
		};
/* End PBXProject section */

/* Begin PBXResourcesBuildPhase section */
		24384AE52119A4B9006688A1 /* Resources */ = {
			isa = PBXResourcesBuildPhase;
			buildActionMask = 2147483647;
			files = (
				24384AF72119A4BC006688A1 /* LaunchScreen.storyboard in Resources */,
				24384AF42119A4BC006688A1 /* Assets.xcassets in Resources */,
				24384AF22119A4B9006688A1 /* Main.storyboard in Resources */,
			);
			runOnlyForDeploymentPostprocessing = 0;
		};
/* End PBXResourcesBuildPhase section */

/* Begin PBXShellScriptBuildPhase section */
		423E1A58EE179FD5513A142B /* [CP] Copy Pods Resources */ = {
			isa = PBXShellScriptBuildPhase;
			buildActionMask = 2147483647;
			files = (
			);
			inputPaths = (
				"${SRCROOT}/Pods/Target Support Files/Pods-demo/Pods-demo-resources.sh",
				"${PODS_ROOT}/IQAudioRecorderController/IQAudioRecorderController/Resources/IQAudioRecorderController.bundle",
				"${PODS_ROOT}/../../JasonetteKit/Resources/agent.js",
				"${PODS_ROOT}/../../JasonetteKit/Resources/csv.js",
				"${PODS_ROOT}/../../JasonetteKit/Resources/error.json",
				"${PODS_ROOT}/../../JasonetteKit/Resources/icon-error.png",
				"${PODS_ROOT}/../../JasonetteKit/Resources/icon-error@2x.png",
				"${PODS_ROOT}/../../JasonetteKit/Resources/icon-info.png",
				"${PODS_ROOT}/../../JasonetteKit/Resources/icon-info@2x.png",
				"${PODS_ROOT}/../../JasonetteKit/Resources/icon-success.png",
				"${PODS_ROOT}/../../JasonetteKit/Resources/icon-success@2x.png",
				"${PODS_ROOT}/../../JasonetteKit/Resources/JasonHorizontalSection.xib",
				"${PODS_ROOT}/../../JasonetteKit/Resources/JasonHorizontalSectionItem.xib",
				"${PODS_ROOT}/../../JasonetteKit/Resources/JasonVerticalSectionItem.xib",
				"${PODS_ROOT}/../../JasonetteKit/Resources/LaunchScreen.storyboard",
				"${PODS_ROOT}/../../JasonetteKit/Resources/more@2x.png",
				"${PODS_ROOT}/../../JasonetteKit/Resources/Next@2x.png",
				"${PODS_ROOT}/../../JasonetteKit/Resources/placeholder@2x.png",
				"${PODS_ROOT}/../../JasonetteKit/Resources/placeholderr@2x.png",
				"${PODS_ROOT}/../../JasonetteKit/Resources/preload.json",
				"${PODS_ROOT}/../../JasonetteKit/Resources/rss.js",
				"${PODS_ROOT}/../../JasonetteKit/Resources/settings.plist",
				"${PODS_ROOT}/../../JasonetteKit/Resources/st.js",
				"${PODS_ROOT}/../../JasonetteKit/Resources/xhtml.js",
				"${PODS_ROOT}/TWMessageBarManager/Classes/Icons/icon-error.png",
				"${PODS_ROOT}/TWMessageBarManager/Classes/Icons/icon-error@2x.png",
				"${PODS_ROOT}/TWMessageBarManager/Classes/Icons/icon-info.png",
				"${PODS_ROOT}/TWMessageBarManager/Classes/Icons/icon-info@2x.png",
				"${PODS_ROOT}/TWMessageBarManager/Classes/Icons/icon-success.png",
				"${PODS_ROOT}/TWMessageBarManager/Classes/Icons/icon-success@2x.png",
			);
			name = "[CP] Copy Pods Resources";
			outputPaths = (
				"${TARGET_BUILD_DIR}/${UNLOCALIZED_RESOURCES_FOLDER_PATH}/IQAudioRecorderController.bundle",
				"${TARGET_BUILD_DIR}/${UNLOCALIZED_RESOURCES_FOLDER_PATH}/agent.js",
				"${TARGET_BUILD_DIR}/${UNLOCALIZED_RESOURCES_FOLDER_PATH}/csv.js",
				"${TARGET_BUILD_DIR}/${UNLOCALIZED_RESOURCES_FOLDER_PATH}/error.json",
				"${TARGET_BUILD_DIR}/${UNLOCALIZED_RESOURCES_FOLDER_PATH}/icon-error.png",
				"${TARGET_BUILD_DIR}/${UNLOCALIZED_RESOURCES_FOLDER_PATH}/icon-error@2x.png",
				"${TARGET_BUILD_DIR}/${UNLOCALIZED_RESOURCES_FOLDER_PATH}/icon-info.png",
				"${TARGET_BUILD_DIR}/${UNLOCALIZED_RESOURCES_FOLDER_PATH}/icon-info@2x.png",
				"${TARGET_BUILD_DIR}/${UNLOCALIZED_RESOURCES_FOLDER_PATH}/icon-success.png",
				"${TARGET_BUILD_DIR}/${UNLOCALIZED_RESOURCES_FOLDER_PATH}/icon-success@2x.png",
				"${TARGET_BUILD_DIR}/${UNLOCALIZED_RESOURCES_FOLDER_PATH}/JasonHorizontalSection.nib",
				"${TARGET_BUILD_DIR}/${UNLOCALIZED_RESOURCES_FOLDER_PATH}/JasonHorizontalSectionItem.nib",
				"${TARGET_BUILD_DIR}/${UNLOCALIZED_RESOURCES_FOLDER_PATH}/JasonVerticalSectionItem.nib",
				"${TARGET_BUILD_DIR}/${UNLOCALIZED_RESOURCES_FOLDER_PATH}/LaunchScreen.storyboardc",
				"${TARGET_BUILD_DIR}/${UNLOCALIZED_RESOURCES_FOLDER_PATH}/more@2x.png",
				"${TARGET_BUILD_DIR}/${UNLOCALIZED_RESOURCES_FOLDER_PATH}/Next@2x.png",
				"${TARGET_BUILD_DIR}/${UNLOCALIZED_RESOURCES_FOLDER_PATH}/placeholder@2x.png",
				"${TARGET_BUILD_DIR}/${UNLOCALIZED_RESOURCES_FOLDER_PATH}/placeholderr@2x.png",
				"${TARGET_BUILD_DIR}/${UNLOCALIZED_RESOURCES_FOLDER_PATH}/preload.json",
				"${TARGET_BUILD_DIR}/${UNLOCALIZED_RESOURCES_FOLDER_PATH}/rss.js",
				"${TARGET_BUILD_DIR}/${UNLOCALIZED_RESOURCES_FOLDER_PATH}/settings.plist",
				"${TARGET_BUILD_DIR}/${UNLOCALIZED_RESOURCES_FOLDER_PATH}/st.js",
				"${TARGET_BUILD_DIR}/${UNLOCALIZED_RESOURCES_FOLDER_PATH}/xhtml.js",
			);
			runOnlyForDeploymentPostprocessing = 0;
			shellPath = /bin/sh;
			shellScript = "\"${SRCROOT}/Pods/Target Support Files/Pods-demo/Pods-demo-resources.sh\"\n";
			showEnvVarsInLog = 0;
		};
		FF1050F261DEA66BA51C64F8 /* [CP] Check Pods Manifest.lock */ = {
			isa = PBXShellScriptBuildPhase;
			buildActionMask = 2147483647;
			files = (
			);
			inputPaths = (
				"${PODS_PODFILE_DIR_PATH}/Podfile.lock",
				"${PODS_ROOT}/Manifest.lock",
			);
			name = "[CP] Check Pods Manifest.lock";
			outputPaths = (
				"$(DERIVED_FILE_DIR)/Pods-demo-checkManifestLockResult.txt",
			);
			runOnlyForDeploymentPostprocessing = 0;
			shellPath = /bin/sh;
			shellScript = "diff \"${PODS_PODFILE_DIR_PATH}/Podfile.lock\" \"${PODS_ROOT}/Manifest.lock\" > /dev/null\nif [ $? != 0 ] ; then\n    # print error to STDERR\n    echo \"error: The sandbox is not in sync with the Podfile.lock. Run 'pod install' or update your CocoaPods installation.\" >&2\n    exit 1\nfi\n# This output is used by Xcode 'outputs' to avoid re-running this script phase.\necho \"SUCCESS\" > \"${SCRIPT_OUTPUT_FILE_0}\"\n";
			showEnvVarsInLog = 0;
		};
/* End PBXShellScriptBuildPhase section */

/* Begin PBXSourcesBuildPhase section */
		24384AE32119A4B9006688A1 /* Sources */ = {
			isa = PBXSourcesBuildPhase;
			buildActionMask = 2147483647;
			files = (
				24384AEF2119A4B9006688A1 /* ViewController.m in Sources */,
				24384AFA2119A4BC006688A1 /* main.m in Sources */,
				24384AEC2119A4B9006688A1 /* AppDelegate.m in Sources */,
			);
			runOnlyForDeploymentPostprocessing = 0;
		};
/* End PBXSourcesBuildPhase section */

/* Begin PBXVariantGroup section */
		24384AF02119A4B9006688A1 /* Main.storyboard */ = {
			isa = PBXVariantGroup;
			children = (
				24384AF12119A4B9006688A1 /* Base */,
			);
			name = Main.storyboard;
			sourceTree = "<group>";
		};
		24384AF52119A4BC006688A1 /* LaunchScreen.storyboard */ = {
			isa = PBXVariantGroup;
			children = (
				24384AF62119A4BC006688A1 /* Base */,
			);
			name = LaunchScreen.storyboard;
			sourceTree = "<group>";
		};
/* End PBXVariantGroup section */

/* Begin XCBuildConfiguration section */
		24384AFB2119A4BC006688A1 /* Debug */ = {
			isa = XCBuildConfiguration;
			buildSettings = {
				ALWAYS_SEARCH_USER_PATHS = NO;
				CLANG_ANALYZER_NONNULL = YES;
				CLANG_ANALYZER_NUMBER_OBJECT_CONVERSION = YES_AGGRESSIVE;
				CLANG_CXX_LANGUAGE_STANDARD = "gnu++14";
				CLANG_CXX_LIBRARY = "libc++";
				CLANG_ENABLE_MODULES = YES;
				CLANG_ENABLE_OBJC_ARC = YES;
				CLANG_ENABLE_OBJC_WEAK = YES;
				CLANG_WARN_BLOCK_CAPTURE_AUTORELEASING = YES;
				CLANG_WARN_BOOL_CONVERSION = YES;
				CLANG_WARN_COMMA = YES;
				CLANG_WARN_CONSTANT_CONVERSION = YES;
				CLANG_WARN_DEPRECATED_OBJC_IMPLEMENTATIONS = YES;
				CLANG_WARN_DIRECT_OBJC_ISA_USAGE = YES_ERROR;
				CLANG_WARN_DOCUMENTATION_COMMENTS = YES;
				CLANG_WARN_EMPTY_BODY = YES;
				CLANG_WARN_ENUM_CONVERSION = YES;
				CLANG_WARN_INFINITE_RECURSION = YES;
				CLANG_WARN_INT_CONVERSION = YES;
				CLANG_WARN_NON_LITERAL_NULL_CONVERSION = YES;
				CLANG_WARN_OBJC_IMPLICIT_RETAIN_SELF = YES;
				CLANG_WARN_OBJC_LITERAL_CONVERSION = YES;
				CLANG_WARN_OBJC_ROOT_CLASS = YES_ERROR;
				CLANG_WARN_RANGE_LOOP_ANALYSIS = YES;
				CLANG_WARN_STRICT_PROTOTYPES = YES;
				CLANG_WARN_SUSPICIOUS_MOVE = YES;
				CLANG_WARN_UNGUARDED_AVAILABILITY = YES_AGGRESSIVE;
				CLANG_WARN_UNREACHABLE_CODE = YES;
				CLANG_WARN__DUPLICATE_METHOD_MATCH = YES;
				CODE_SIGN_IDENTITY = "iPhone Developer";
				COPY_PHASE_STRIP = NO;
				DEBUG_INFORMATION_FORMAT = dwarf;
				ENABLE_STRICT_OBJC_MSGSEND = YES;
				ENABLE_TESTABILITY = YES;
				GCC_C_LANGUAGE_STANDARD = gnu11;
				GCC_DYNAMIC_NO_PIC = NO;
				GCC_NO_COMMON_BLOCKS = YES;
				GCC_OPTIMIZATION_LEVEL = 0;
				GCC_PREPROCESSOR_DEFINITIONS = (
					"DEBUG=1",
					"$(inherited)",
				);
				GCC_WARN_64_TO_32_BIT_CONVERSION = YES;
				GCC_WARN_ABOUT_RETURN_TYPE = YES_ERROR;
				GCC_WARN_UNDECLARED_SELECTOR = YES;
				GCC_WARN_UNINITIALIZED_AUTOS = YES_AGGRESSIVE;
				GCC_WARN_UNUSED_FUNCTION = YES;
				GCC_WARN_UNUSED_VARIABLE = YES;
				IPHONEOS_DEPLOYMENT_TARGET = 11.4;
				MTL_ENABLE_DEBUG_INFO = YES;
				ONLY_ACTIVE_ARCH = YES;
				SDKROOT = iphoneos;
			};
			name = Debug;
		};
		24384AFC2119A4BC006688A1 /* Release */ = {
			isa = XCBuildConfiguration;
			buildSettings = {
				ALWAYS_SEARCH_USER_PATHS = NO;
				CLANG_ANALYZER_NONNULL = YES;
				CLANG_ANALYZER_NUMBER_OBJECT_CONVERSION = YES_AGGRESSIVE;
				CLANG_CXX_LANGUAGE_STANDARD = "gnu++14";
				CLANG_CXX_LIBRARY = "libc++";
				CLANG_ENABLE_MODULES = YES;
				CLANG_ENABLE_OBJC_ARC = YES;
				CLANG_ENABLE_OBJC_WEAK = YES;
				CLANG_WARN_BLOCK_CAPTURE_AUTORELEASING = YES;
				CLANG_WARN_BOOL_CONVERSION = YES;
				CLANG_WARN_COMMA = YES;
				CLANG_WARN_CONSTANT_CONVERSION = YES;
				CLANG_WARN_DEPRECATED_OBJC_IMPLEMENTATIONS = YES;
				CLANG_WARN_DIRECT_OBJC_ISA_USAGE = YES_ERROR;
				CLANG_WARN_DOCUMENTATION_COMMENTS = YES;
				CLANG_WARN_EMPTY_BODY = YES;
				CLANG_WARN_ENUM_CONVERSION = YES;
				CLANG_WARN_INFINITE_RECURSION = YES;
				CLANG_WARN_INT_CONVERSION = YES;
				CLANG_WARN_NON_LITERAL_NULL_CONVERSION = YES;
				CLANG_WARN_OBJC_IMPLICIT_RETAIN_SELF = YES;
				CLANG_WARN_OBJC_LITERAL_CONVERSION = YES;
				CLANG_WARN_OBJC_ROOT_CLASS = YES_ERROR;
				CLANG_WARN_RANGE_LOOP_ANALYSIS = YES;
				CLANG_WARN_STRICT_PROTOTYPES = YES;
				CLANG_WARN_SUSPICIOUS_MOVE = YES;
				CLANG_WARN_UNGUARDED_AVAILABILITY = YES_AGGRESSIVE;
				CLANG_WARN_UNREACHABLE_CODE = YES;
				CLANG_WARN__DUPLICATE_METHOD_MATCH = YES;
				CODE_SIGN_IDENTITY = "iPhone Developer";
				COPY_PHASE_STRIP = NO;
				DEBUG_INFORMATION_FORMAT = "dwarf-with-dsym";
				ENABLE_NS_ASSERTIONS = NO;
				ENABLE_STRICT_OBJC_MSGSEND = YES;
				GCC_C_LANGUAGE_STANDARD = gnu11;
				GCC_NO_COMMON_BLOCKS = YES;
				GCC_WARN_64_TO_32_BIT_CONVERSION = YES;
				GCC_WARN_ABOUT_RETURN_TYPE = YES_ERROR;
				GCC_WARN_UNDECLARED_SELECTOR = YES;
				GCC_WARN_UNINITIALIZED_AUTOS = YES_AGGRESSIVE;
				GCC_WARN_UNUSED_FUNCTION = YES;
				GCC_WARN_UNUSED_VARIABLE = YES;
				IPHONEOS_DEPLOYMENT_TARGET = 11.4;
				MTL_ENABLE_DEBUG_INFO = NO;
				SDKROOT = iphoneos;
				VALIDATE_PRODUCT = YES;
			};
			name = Release;
		};
		24384AFE2119A4BC006688A1 /* Debug */ = {
			isa = XCBuildConfiguration;
			baseConfigurationReference = E01F2FC81C7E32AD99B735F5 /* Pods-demo.debug.xcconfig */;
			buildSettings = {
				ASSETCATALOG_COMPILER_APPICON_NAME = AppIcon;
				CODE_SIGN_IDENTITY = "iPhone Developer";
				CODE_SIGN_STYLE = Automatic;
				DEVELOPMENT_TEAM = "";
				INFOPLIST_FILE = demo/Info.plist;
				IPHONEOS_DEPLOYMENT_TARGET = 10.0;
				LD_RUNPATH_SEARCH_PATHS = "$(inherited) @executable_path/Frameworks";
				PRODUCT_BUNDLE_IDENTIFIER = com.edu.demo;
				PRODUCT_NAME = "$(TARGET_NAME)";
				PROVISIONING_PROFILE_SPECIFIER = "";
				TARGETED_DEVICE_FAMILY = "1,2";
			};
			name = Debug;
		};
		24384AFF2119A4BC006688A1 /* Release */ = {
			isa = XCBuildConfiguration;
			baseConfigurationReference = 6F79BD42A74B3712AA449D20 /* Pods-demo.release.xcconfig */;
			buildSettings = {
				ASSETCATALOG_COMPILER_APPICON_NAME = AppIcon;
				CODE_SIGN_IDENTITY = "iPhone Developer";
				CODE_SIGN_STYLE = Automatic;
				DEVELOPMENT_TEAM = "";
				INFOPLIST_FILE = demo/Info.plist;
				IPHONEOS_DEPLOYMENT_TARGET = 10.0;
				LD_RUNPATH_SEARCH_PATHS = "$(inherited) @executable_path/Frameworks";
				PRODUCT_BUNDLE_IDENTIFIER = com.edu.demo;
				PRODUCT_NAME = "$(TARGET_NAME)";
				PROVISIONING_PROFILE_SPECIFIER = "";
				TARGETED_DEVICE_FAMILY = "1,2";
			};
			name = Release;
		};
/* End XCBuildConfiguration section */

/* Begin XCConfigurationList section */
		24384AE22119A4B9006688A1 /* Build configuration list for PBXProject "demo" */ = {
			isa = XCConfigurationList;
			buildConfigurations = (
				24384AFB2119A4BC006688A1 /* Debug */,
				24384AFC2119A4BC006688A1 /* Release */,
			);
			defaultConfigurationIsVisible = 0;
			defaultConfigurationName = Release;
		};
		24384AFD2119A4BC006688A1 /* Build configuration list for PBXNativeTarget "demo" */ = {
			isa = XCConfigurationList;
			buildConfigurations = (
				24384AFE2119A4BC006688A1 /* Debug */,
				24384AFF2119A4BC006688A1 /* Release */,
			);
			defaultConfigurationIsVisible = 0;
			defaultConfigurationName = Release;
		};
/* End XCConfigurationList section */
	};
	rootObject = 24384ADF2119A4B9006688A1 /* Project object */;
}
